
Microsoft Visual Studio Solution File, Format Version 12.00
# Visual Studio Version 16
VisualStudioVersion = 16.0.31005.135
MinimumVisualStudioVersion = 10.0.40219.1
Project("{FAE04EC0-301F-11D3-BF4B-00C04F79EFBC}") = "SemplForRegularExpresion_2", "SemplForRegularExpresion_2\SemplForRegularExpresion_2.csproj", "{63AB562C-C73A-4B0B-A82B-869C1FFF6571}"
EndProject
Global
	GlobalSection(SolutionConfigurationPlatforms) = preSolution
		Debug|Any CPU = Debug|Any CPU
		Release|Any CPU = Release|Any CPU
	EndGlobalSection
	GlobalSection(ProjectConfigurationPlatforms) = postSolution
		{63AB562C-C73A-4B0B-A82B-869C1FFF6571}.Debug|Any CPU.ActiveCfg = Debug|Any CPU
		{63AB562C-C73A-4B0B-A82B-869C1FFF6571}.Debug|Any CPU.Build.0 = Debug|Any CPU
		{63AB562C-C73A-4B0B-A82B-869C1FFF6571}.Release|Any CPU.ActiveCfg = Release|Any CPU
		{63AB562C-C73A-4B0B-A82B-869C1FFF6571}.Release|Any CPU.Build.0 = Release|Any CPU
	EndGlobalSection
	GlobalSection(SolutionProperties) = preSolution
		HideSolutionNode = FALSE
	EndGlobalSection
	GlobalSection(ExtensibilityGlobals) = postSolution
		SolutionGuid = {6BBC1357-5576-4F4C-9CF7-2A12C60D0A02}
	EndGlobalSection
EndGlobal
