
Microsoft Visual Studio Solution File, Format Version 12.00
# Visual Studio Version 16
VisualStudioVersion = 16.0.31005.135
MinimumVisualStudioVersion = 10.0.40219.1
Project("{FAE04EC0-301F-11D3-BF4B-00C04F79EFBC}") = "SemplForException", "SemplForException\SemplForException.csproj", "{9D9D73CB-947E-4046-A1FF-83DC07FEBE98}"
EndProject
Global
	GlobalSection(SolutionConfigurationPlatforms) = preSolution
		Debug|Any CPU = Debug|Any CPU
		Release|Any CPU = Release|Any CPU
	EndGlobalSection
	GlobalSection(ProjectConfigurationPlatforms) = postSolution
		{9D9D73CB-947E-4046-A1FF-83DC07FEBE98}.Debug|Any CPU.ActiveCfg = Debug|Any CPU
		{9D9D73CB-947E-4046-A1FF-83DC07FEBE98}.Debug|Any CPU.Build.0 = Debug|Any CPU
		{9D9D73CB-947E-4046-A1FF-83DC07FEBE98}.Release|Any CPU.ActiveCfg = Release|Any CPU
		{9D9D73CB-947E-4046-A1FF-83DC07FEBE98}.Release|Any CPU.Build.0 = Release|Any CPU
	EndGlobalSection
	GlobalSection(SolutionProperties) = preSolution
		HideSolutionNode = FALSE
	EndGlobalSection
	GlobalSection(ExtensibilityGlobals) = postSolution
		SolutionGuid = {2DE75F05-F931-431D-A9B9-3E8044473141}
	EndGlobalSection
EndGlobal
