
Microsoft Visual Studio Solution File, Format Version 12.00
# Visual Studio Version 16
VisualStudioVersion = 16.0.31005.135
MinimumVisualStudioVersion = 10.0.40219.1
Project("{FAE04EC0-301F-11D3-BF4B-00C04F79EFBC}") = "TheIQeriable", "TheIQeriable\TheIQeriable.csproj", "{ACE789B7-A4AA-4D11-B4D9-D37A557315A0}"
EndProject
Global
	GlobalSection(SolutionConfigurationPlatforms) = preSolution
		Debug|Any CPU = Debug|Any CPU
		Release|Any CPU = Release|Any CPU
	EndGlobalSection
	GlobalSection(ProjectConfigurationPlatforms) = postSolution
		{ACE789B7-A4AA-4D11-B4D9-D37A557315A0}.Debug|Any CPU.ActiveCfg = Debug|Any CPU
		{ACE789B7-A4AA-4D11-B4D9-D37A557315A0}.Debug|Any CPU.Build.0 = Debug|Any CPU
		{ACE789B7-A4AA-4D11-B4D9-D37A557315A0}.Release|Any CPU.ActiveCfg = Release|Any CPU
		{ACE789B7-A4AA-4D11-B4D9-D37A557315A0}.Release|Any CPU.Build.0 = Release|Any CPU
	EndGlobalSection
	GlobalSection(SolutionProperties) = preSolution
		HideSolutionNode = FALSE
	EndGlobalSection
	GlobalSection(ExtensibilityGlobals) = postSolution
		SolutionGuid = {02BEA595-3001-4B43-B0B1-AADB96888632}
	EndGlobalSection
EndGlobal
